
Microsoft Visual Studio Solution File, Format Version 12.00
# Visual Studio Version 16
VisualStudioVersion = 16.0.29102.190
MinimumVisualStudioVersion = 10.0.40219.1
Project("{FAE04EC0-301F-11D3-BF4B-00C04F79EFBC}") = "AnywayStore", "AnywayStore.csproj", "{D77D2D43-8E30-48C1-B611-DD34B20CB380}"
EndProject
Global
	GlobalSection(SolutionConfigurationPlatforms) = preSolution
		Debug|Any CPU = Debug|Any CPU
		Release|Any CPU = Release|Any CPU
	EndGlobalSection
	GlobalSection(ProjectConfigurationPlatforms) = postSolution
		{D77D2D43-8E30-48C1-B611-DD34B20CB380}.Debug|Any CPU.ActiveCfg = Debug|Any CPU
		{D77D2D43-8E30-48C1-B611-DD34B20CB380}.Debug|Any CPU.Build.0 = Debug|Any CPU
		{D77D2D43-8E30-48C1-B611-DD34B20CB380}.Release|Any CPU.ActiveCfg = Release|Any CPU
		{D77D2D43-8E30-48C1-B611-DD34B20CB380}.Release|Any CPU.Build.0 = Release|Any CPU
	EndGlobalSection
	GlobalSection(SolutionProperties) = preSolution
		HideSolutionNode = FALSE
	EndGlobalSection
	GlobalSection(ExtensibilityGlobals) = postSolution
		SolutionGuid = {BE88F572-A69B-41DA-8CD4-333E82B3B179}
	EndGlobalSection
EndGlobal
